{
    "_readme": [
        "This file locks the dependencies of your project to a known state",
        "Read more about it at https://getcomposer.org/doc/01-basic-usage.md#composer-lock-the-lock-file",
        "This file is @generated automatically"
    ],
    "content-hash": "b49404612058296ef9874cc73ed09632",
    "packages": [
        {
            "name": "d4rkstar/phpagi",
            "version": "dev-master",
            "source": {
                "type": "git",
                "url": "https://github.com/d4rkstar/phpagi.git",
                "reference": "b8cd06ede9b5257cced659bf6fcf58186850ec2b"
            },
            "dist": {
                "type": "zip",
                "url": "https://api.github.com/repos/d4rkstar/phpagi/zipball/b8cd06ede9b5257cced659bf6fcf58186850ec2b",
                "reference": "b8cd06ede9b5257cced659bf6fcf58186850ec2b",
                "shasum": ""
            },
            "require": {
                "php": ">=5.1.0"
            },
            "type": "library",
            "autoload": {
                "files": [
                    "phpagi.php"
                ]
            },
            "notification-url": "https://packagist.org/downloads/",
            "license": [
                "LGPL-2.0-or-later"
            ],
            "authors": [
                {
                    "name": "Florian Overkamp",
                    "email": "florian@speakup.nl",
                    "homepage": "http://phpagi.sourceforge.net/",
                    "role": "Developer"
                },
                {
                    "name": "David Eder",
                    "email": "david@eder.us",
                    "homepage": "http://phpagi.sourceforge.net/",
                    "role": "Developer"
                }
            ],
            "description": "PHPAGI is a PHP class for the Asterisk Gateway Interface. The package is available for use and distribution under the terms of the GNU Public License.",
            "homepage": "http://phpagi.sourceforge.net/",
            "keywords": [
                "agi",
                "asterisk",
                "call",
                "client",
                "flow",
                "ivr",
                "telephony",
                "voip"
            ],
            "time": "2018-01-27T05:22:08+00:00"
        },
        {
            "name": "php-curl-class/php-curl-class",
            "version": "8.2.0",
            "source": {
                "type": "git",
                "url": "https://github.com/php-curl-class/php-curl-class.git",
                "reference": "4d4d80c22df0a389ff803d3a27d12ecf3d45eac0"
            },
            "dist": {
                "type": "zip",
                "url": "https://api.github.com/repos/php-curl-class/php-curl-class/zipball/4d4d80c22df0a389ff803d3a27d12ecf3d45eac0",
                "reference": "4d4d80c22df0a389ff803d3a27d12ecf3d45eac0",
                "shasum": ""
            },
            "require": {
                "ext-curl": "*",
                "ext-mbstring": "*",
                "php": ">=5.3"
            },
            "require-dev": {
                "ext-gd": "*",
                "phpunit/phpunit": "*",
                "squizlabs/php_codesniffer": "*"
            },
            "type": "library",
            "autoload": {
                "psr-4": {
                    "Curl\\": "src/Curl/"
                }
            },
            "notification-url": "https://packagist.org/downloads/",
            "license": [
                "Unlicense"
            ],
            "authors": [
                {
                    "name": "Zach Borboa"
                }
            ],
            "description": "PHP Curl Class makes it easy to send HTTP requests and integrate with web APIs.",
            "homepage": "https://github.com/php-curl-class/php-curl-class",
            "keywords": [
                "api",
                "class",
                "client",
                "curl",
                "framework",
                "http",
                "http client",
                "json",
                "php",
                "requests",
                "rest",
                "restful",
                "web service",
                "xml"
            ],
            "time": "2018-08-04T18:16:07+00:00"
        },
        {
            "name": "vlucas/phpdotenv",
            "version": "v2.5.1",
            "source": {
                "type": "git",
                "url": "https://github.com/vlucas/phpdotenv.git",
                "reference": "8abb4f9aa89ddea9d52112c65bbe8d0125e2fa8e"
            },
            "dist": {
                "type": "zip",
                "url": "https://api.github.com/repos/vlucas/phpdotenv/zipball/8abb4f9aa89ddea9d52112c65bbe8d0125e2fa8e",
                "reference": "8abb4f9aa89ddea9d52112c65bbe8d0125e2fa8e",
                "shasum": ""
            },
            "require": {
                "php": ">=5.3.9"
            },
            "require-dev": {
                "phpunit/phpunit": "^4.8.35 || ^5.0"
            },
            "type": "library",
            "extra": {
                "branch-alias": {
                    "dev-master": "2.5-dev"
                }
            },
            "autoload": {
                "psr-4": {
                    "Dotenv\\": "src/"
                }
            },
            "notification-url": "https://packagist.org/downloads/",
            "license": [
                "BSD-3-Clause"
            ],
            "authors": [
                {
                    "name": "Vance Lucas",
                    "email": "vance@vancelucas.com",
                    "homepage": "http://www.vancelucas.com"
                }
            ],
            "description": "Loads environment variables from `.env` to `getenv()`, `$_ENV` and `$_SERVER` automagically.",
            "keywords": [
                "dotenv",
                "env",
                "environment"
            ],
            "time": "2018-07-29T20:33:41+00:00"
        }
    ],
    "packages-dev": [],
    "aliases": [],
    "minimum-stability": "stable",
    "stability-flags": {
        "d4rkstar/phpagi": 20
    },
    "prefer-stable": false,
    "prefer-lowest": false,
    "platform": [],
    "platform-dev": []
}
